
Microsoft Visual Studio Solution File, Format Version 12.00
Project("{FAE04EC0-301F-11D3-BF4B-00C04F79EFBC}") = "PasswordGenerator.Domain", "src\PasswordGenerator.Domain\PasswordGenerator.Domain.csproj", "{33FD5CE2-3960-4E0E-AB1E-572EC8894A51}"
EndProject
Project("{FAE04EC0-301F-11D3-BF4B-00C04F79EFBC}") = "PasswordGenerator.Application", "src\PasswordGenerator.Application\PasswordGenerator.Application.csproj", "{6F529D84-07AD-4C69-BD4D-DF7F819A415E}"
EndProject
Project("{FAE04EC0-301F-11D3-BF4B-00C04F79EFBC}") = "PasswordGenerator.Infrastructure", "src\PasswordGenerator.Infrastructure\PasswordGenerator.Infrastructure.csproj", "{8E84BE74-63C6-49FD-8B2E-93C1BFDC7BBA}"
EndProject
Project("{FAE04EC0-301F-11D3-BF4B-00C04F79EFBC}") = "PasswordGenerator.Presentation", "src\PasswordGenerator.Presentation\PasswordGenerator.Presentation.csproj", "{0EEBB113-E55E-4DE3-AFFB-2FDF8736D540}"
EndProject
Global
	GlobalSection(SolutionConfigurationPlatforms) = preSolution
		Debug|Any CPU = Debug|Any CPU
		Release|Any CPU = Release|Any CPU
	EndGlobalSection
	GlobalSection(ProjectConfigurationPlatforms) = postSolution
		{33FD5CE2-3960-4E0E-AB1E-572EC8894A51}.Debug|Any CPU.ActiveCfg = Debug|Any CPU
		{33FD5CE2-3960-4E0E-AB1E-572EC8894A51}.Debug|Any CPU.Build.0 = Debug|Any CPU
		{33FD5CE2-3960-4E0E-AB1E-572EC8894A51}.Release|Any CPU.ActiveCfg = Release|Any CPU
		{33FD5CE2-3960-4E0E-AB1E-572EC8894A51}.Release|Any CPU.Build.0 = Release|Any CPU
		{6F529D84-07AD-4C69-BD4D-DF7F819A415E}.Debug|Any CPU.ActiveCfg = Debug|Any CPU
		{6F529D84-07AD-4C69-BD4D-DF7F819A415E}.Debug|Any CPU.Build.0 = Debug|Any CPU
		{6F529D84-07AD-4C69-BD4D-DF7F819A415E}.Release|Any CPU.ActiveCfg = Release|Any CPU
		{6F529D84-07AD-4C69-BD4D-DF7F819A415E}.Release|Any CPU.Build.0 = Release|Any CPU
		{8E84BE74-63C6-49FD-8B2E-93C1BFDC7BBA}.Debug|Any CPU.ActiveCfg = Debug|Any CPU
		{8E84BE74-63C6-49FD-8B2E-93C1BFDC7BBA}.Debug|Any CPU.Build.0 = Debug|Any CPU
		{8E84BE74-63C6-49FD-8B2E-93C1BFDC7BBA}.Release|Any CPU.ActiveCfg = Release|Any CPU
		{8E84BE74-63C6-49FD-8B2E-93C1BFDC7BBA}.Release|Any CPU.Build.0 = Release|Any CPU
		{0EEBB113-E55E-4DE3-AFFB-2FDF8736D540}.Debug|Any CPU.ActiveCfg = Debug|Any CPU
		{0EEBB113-E55E-4DE3-AFFB-2FDF8736D540}.Debug|Any CPU.Build.0 = Debug|Any CPU
		{0EEBB113-E55E-4DE3-AFFB-2FDF8736D540}.Release|Any CPU.ActiveCfg = Release|Any CPU
		{0EEBB113-E55E-4DE3-AFFB-2FDF8736D540}.Release|Any CPU.Build.0 = Release|Any CPU
	EndGlobalSection
EndGlobal
